
Microsoft Visual Studio Solution File, Format Version 12.00
# Visual Studio Version 17
VisualStudioVersion = 17.10.34916.146
MinimumVisualStudioVersion = 10.0.40219.1
Project("{2150E333-8FDC-42A3-9474-1A3956D46DE8}") = "Services", "Services", "{EEE27A25-42A2-48AA-9DF1-50E8993100A1}"
EndProject
Project("{2150E333-8FDC-42A3-9474-1A3956D46DE8}") = "Catalog", "Catalog", "{55A53974-47F9-4C1E-AEE6-726418FA6738}"
EndProject
Project("{9A19103F-16F7-4668-BE54-9A1E7A4F7556}") = "Catalog.API", "Services\Catalog\Catalog.API\Catalog.API.csproj", "{0FE16C17-301A-4AEC-AF78-7F607A9A58E9}"
EndProject
Project("{2150E333-8FDC-42A3-9474-1A3956D46DE8}") = "BuildingBlocks", "BuildingBlocks", "{5AA2C70E-CC2C-4C66-BDE8-83BDF3763361}"
EndProject
Project("{9A19103F-16F7-4668-BE54-9A1E7A4F7556}") = "BuildingBlocks", "BuildingBlocks\BuildingBlocks\BuildingBlocks.csproj", "{5BFFFC66-AB61-42BC-BE97-9D0FDF052F0D}"
EndProject
Project("{E53339B2-1760-4266-BCC7-CA923CBCF16C}") = "docker-compose", "docker-compose.dcproj", "{EB5862AB-86E5-4DFD-A9E0-57ED416F547D}"
EndProject
Project("{2150E333-8FDC-42A3-9474-1A3956D46DE8}") = "Basket", "Basket", "{444E53D4-4FE6-41D4-8CC7-49663589DDEA}"
EndProject
Project("{9A19103F-16F7-4668-BE54-9A1E7A4F7556}") = "Basket.API", "Services\Basket\Basket.API\Basket.API.csproj", "{88BE1842-B655-4593-ACE5-BD72AF6207C4}"
EndProject
Project("{2150E333-8FDC-42A3-9474-1A3956D46DE8}") = "Discount", "Discount", "{3965C8A4-D2DF-4157-9EBC-EE43F98E2B8A}"
EndProject
Project("{9A19103F-16F7-4668-BE54-9A1E7A4F7556}") = "Discount.Grpc", "Services\Discount\Discount.Grpc\Discount.Grpc.csproj", "{D2D3CC12-5EB2-46A6-BBE5-FC7A5B32DF7E}"
EndProject
Project("{2150E333-8FDC-42A3-9474-1A3956D46DE8}") = "Ordering", "Ordering", "{0F24290E-FD3A-4E6B-8794-A4483D29CB3C}"
EndProject
Project("{FAE04EC0-301F-11D3-BF4B-00C04F79EFBC}") = "Ordering.API", "Services\Ordering\Ordering.API\Ordering.API.csproj", "{88F707D5-9549-46FF-A0E0-37F528E70FE5}"
EndProject
Global
	GlobalSection(SolutionConfigurationPlatforms) = preSolution
		Debug|Any CPU = Debug|Any CPU
		Release|Any CPU = Release|Any CPU
	EndGlobalSection
	GlobalSection(ProjectConfigurationPlatforms) = postSolution
		{0FE16C17-301A-4AEC-AF78-7F607A9A58E9}.Debug|Any CPU.ActiveCfg = Debug|Any CPU
		{0FE16C17-301A-4AEC-AF78-7F607A9A58E9}.Debug|Any CPU.Build.0 = Debug|Any CPU
		{0FE16C17-301A-4AEC-AF78-7F607A9A58E9}.Release|Any CPU.ActiveCfg = Release|Any CPU
		{0FE16C17-301A-4AEC-AF78-7F607A9A58E9}.Release|Any CPU.Build.0 = Release|Any CPU
		{5BFFFC66-AB61-42BC-BE97-9D0FDF052F0D}.Debug|Any CPU.ActiveCfg = Debug|Any CPU
		{5BFFFC66-AB61-42BC-BE97-9D0FDF052F0D}.Debug|Any CPU.Build.0 = Debug|Any CPU
		{5BFFFC66-AB61-42BC-BE97-9D0FDF052F0D}.Release|Any CPU.ActiveCfg = Release|Any CPU
		{5BFFFC66-AB61-42BC-BE97-9D0FDF052F0D}.Release|Any CPU.Build.0 = Release|Any CPU
		{EB5862AB-86E5-4DFD-A9E0-57ED416F547D}.Debug|Any CPU.ActiveCfg = Debug|Any CPU
		{EB5862AB-86E5-4DFD-A9E0-57ED416F547D}.Debug|Any CPU.Build.0 = Debug|Any CPU
		{EB5862AB-86E5-4DFD-A9E0-57ED416F547D}.Release|Any CPU.ActiveCfg = Release|Any CPU
		{EB5862AB-86E5-4DFD-A9E0-57ED416F547D}.Release|Any CPU.Build.0 = Release|Any CPU
		{88BE1842-B655-4593-ACE5-BD72AF6207C4}.Debug|Any CPU.ActiveCfg = Debug|Any CPU
		{88BE1842-B655-4593-ACE5-BD72AF6207C4}.Debug|Any CPU.Build.0 = Debug|Any CPU
		{88BE1842-B655-4593-ACE5-BD72AF6207C4}.Release|Any CPU.ActiveCfg = Release|Any CPU
		{88BE1842-B655-4593-ACE5-BD72AF6207C4}.Release|Any CPU.Build.0 = Release|Any CPU
		{D2D3CC12-5EB2-46A6-BBE5-FC7A5B32DF7E}.Debug|Any CPU.ActiveCfg = Debug|Any CPU
		{D2D3CC12-5EB2-46A6-BBE5-FC7A5B32DF7E}.Debug|Any CPU.Build.0 = Debug|Any CPU
		{D2D3CC12-5EB2-46A6-BBE5-FC7A5B32DF7E}.Release|Any CPU.ActiveCfg = Release|Any CPU
		{D2D3CC12-5EB2-46A6-BBE5-FC7A5B32DF7E}.Release|Any CPU.Build.0 = Release|Any CPU
		{88F707D5-9549-46FF-A0E0-37F528E70FE5}.Debug|Any CPU.ActiveCfg = Debug|Any CPU
		{88F707D5-9549-46FF-A0E0-37F528E70FE5}.Debug|Any CPU.Build.0 = Debug|Any CPU
		{88F707D5-9549-46FF-A0E0-37F528E70FE5}.Release|Any CPU.ActiveCfg = Release|Any CPU
		{88F707D5-9549-46FF-A0E0-37F528E70FE5}.Release|Any CPU.Build.0 = Release|Any CPU
	EndGlobalSection
	GlobalSection(SolutionProperties) = preSolution
		HideSolutionNode = FALSE
	EndGlobalSection
	GlobalSection(NestedProjects) = preSolution
		{55A53974-47F9-4C1E-AEE6-726418FA6738} = {EEE27A25-42A2-48AA-9DF1-50E8993100A1}
		{0FE16C17-301A-4AEC-AF78-7F607A9A58E9} = {55A53974-47F9-4C1E-AEE6-726418FA6738}
		{5BFFFC66-AB61-42BC-BE97-9D0FDF052F0D} = {5AA2C70E-CC2C-4C66-BDE8-83BDF3763361}
		{444E53D4-4FE6-41D4-8CC7-49663589DDEA} = {EEE27A25-42A2-48AA-9DF1-50E8993100A1}
		{88BE1842-B655-4593-ACE5-BD72AF6207C4} = {444E53D4-4FE6-41D4-8CC7-49663589DDEA}
		{3965C8A4-D2DF-4157-9EBC-EE43F98E2B8A} = {EEE27A25-42A2-48AA-9DF1-50E8993100A1}
		{D2D3CC12-5EB2-46A6-BBE5-FC7A5B32DF7E} = {3965C8A4-D2DF-4157-9EBC-EE43F98E2B8A}
		{0F24290E-FD3A-4E6B-8794-A4483D29CB3C} = {EEE27A25-42A2-48AA-9DF1-50E8993100A1}
		{88F707D5-9549-46FF-A0E0-37F528E70FE5} = {0F24290E-FD3A-4E6B-8794-A4483D29CB3C}
	EndGlobalSection
	GlobalSection(ExtensibilityGlobals) = postSolution
		SolutionGuid = {3DF11905-F8BF-4108-8783-3C4EED7F52F0}
	EndGlobalSection
EndGlobal
